// !$*UTF8*$!
{
	archiveVersion = 1;
	classes = {
	};
	objectVersion = 77;
	objects = {

/* Begin PBXCopyFilesBuildPhase section */
		E2279AE62DB2938A00B31B58 /* CopyFiles */ = {
			isa = PBXCopyFilesBuildPhase;
			buildActionMask = 2147483647;
			dstPath = /usr/share/man/man1/;
			dstSubfolderSpec = 0;
			files = (
			);
			runOnlyForDeploymentPostprocessing = 1;
		};
		E2279AF42DB293B200B31B58 /* CopyFiles */ = {
			isa = PBXCopyFilesBuildPhase;
			buildActionMask = 2147483647;
			dstPath = /usr/share/man/man1/;
			dstSubfolderSpec = 0;
			files = (
			);
			runOnlyForDeploymentPostprocessing = 1;
		};
		E2279AFF2DB293D500B31B58 /* CopyFiles */ = {
			isa = PBXCopyFilesBuildPhase;
			buildActionMask = 2147483647;
			dstPath = /usr/share/man/man1/;
			dstSubfolderSpec = 0;
			files = (
			);
			runOnlyForDeploymentPostprocessing = 1;
		};
		E2BA5AD32DB39BEE004F8013 /* CopyFiles */ = {
			isa = PBXCopyFilesBuildPhase;
			buildActionMask = 2147483647;
			dstPath = /usr/share/man/man1/;
			dstSubfolderSpec = 0;
			files = (
			);
			runOnlyForDeploymentPostprocessing = 1;
		};
		E2BA5ADE2DB3A53A004F8013 /* CopyFiles */ = {
			isa = PBXCopyFilesBuildPhase;
			buildActionMask = 2147483647;
			dstPath = /usr/share/man/man1/;
			dstSubfolderSpec = 0;
			files = (
			);
			runOnlyForDeploymentPostprocessing = 1;
		};
		E2DCA60B2DB3B9DA001B97B8 /* CopyFiles */ = {
			isa = PBXCopyFilesBuildPhase;
			buildActionMask = 2147483647;
			dstPath = /usr/share/man/man1/;
			dstSubfolderSpec = 0;
			files = (
			);
			runOnlyForDeploymentPostprocessing = 1;
		};
		E2DCA6162DB3D074001B97B8 /* CopyFiles */ = {
			isa = PBXCopyFilesBuildPhase;
			buildActionMask = 2147483647;
			dstPath = /usr/share/man/man1/;
			dstSubfolderSpec = 0;
			files = (
			);
			runOnlyForDeploymentPostprocessing = 1;
		};
/* End PBXCopyFilesBuildPhase section */

/* Begin PBXFileReference section */
		E2279AE82DB2938A00B31B58 /* ficherosBinarios */ = {isa = PBXFileReference; explicitFileType = "compiled.mach-o.executable"; includeInIndex = 0; path = ficherosBinarios; sourceTree = BUILT_PRODUCTS_DIR; };
		E2279AF62DB293B200B31B58 /* ejemplo1Clase */ = {isa = PBXFileReference; explicitFileType = "compiled.mach-o.executable"; includeInIndex = 0; path = ejemplo1Clase; sourceTree = BUILT_PRODUCTS_DIR; };
		E2279B012DB293D500B31B58 /* ejemplo2Clase */ = {isa = PBXFileReference; explicitFileType = "compiled.mach-o.executable"; includeInIndex = 0; path = ejemplo2Clase; sourceTree = BUILT_PRODUCTS_DIR; };
		E2BA5AD52DB39BEE004F8013 /* ejercicio1 */ = {isa = PBXFileReference; explicitFileType = "compiled.mach-o.executable"; includeInIndex = 0; path = ejercicio1; sourceTree = BUILT_PRODUCTS_DIR; };
		E2BA5AE02DB3A53A004F8013 /* ejercicio2 */ = {isa = PBXFileReference; explicitFileType = "compiled.mach-o.executable"; includeInIndex = 0; path = ejercicio2; sourceTree = BUILT_PRODUCTS_DIR; };
		E2BA5AE72DB3A6F5004F8013 /* CMakeLists.txt */ = {isa = PBXFileReference; lastKnownFileType = text; path = CMakeLists.txt; sourceTree = "<group>"; };
		E2DCA60D2DB3B9DA001B97B8 /* ejercicio3 */ = {isa = PBXFileReference; explicitFileType = "compiled.mach-o.executable"; includeInIndex = 0; path = ejercicio3; sourceTree = BUILT_PRODUCTS_DIR; };
		E2DCA6182DB3D074001B97B8 /* ejercicio4 */ = {isa = PBXFileReference; explicitFileType = "compiled.mach-o.executable"; includeInIndex = 0; path = ejercicio4; sourceTree = BUILT_PRODUCTS_DIR; };
/* End PBXFileReference section */

/* Begin PBXFileSystemSynchronizedRootGroup section */
		E2279AEA2DB2938A00B31B58 /* ficherosBinarios */ = {
			isa = PBXFileSystemSynchronizedRootGroup;
			path = ficherosBinarios;
			sourceTree = "<group>";
		};
		E2279AF72DB293B200B31B58 /* ejemplo1Clase */ = {
			isa = PBXFileSystemSynchronizedRootGroup;
			path = ejemplo1Clase;
			sourceTree = "<group>";
		};
		E2279B022DB293D500B31B58 /* ejemplo2Clase */ = {
			isa = PBXFileSystemSynchronizedRootGroup;
			path = ejemplo2Clase;
			sourceTree = "<group>";
		};
		E2BA5AD62DB39BEE004F8013 /* ejercicio1 */ = {
			isa = PBXFileSystemSynchronizedRootGroup;
			path = ejercicio1;
			sourceTree = "<group>";
		};
		E2BA5AE12DB3A53A004F8013 /* ejercicio2 */ = {
			isa = PBXFileSystemSynchronizedRootGroup;
			path = ejercicio2;
			sourceTree = "<group>";
		};
		E2DCA60E2DB3B9DA001B97B8 /* ejercicio3 */ = {
			isa = PBXFileSystemSynchronizedRootGroup;
			path = ejercicio3;
			sourceTree = "<group>";
		};
		E2DCA6192DB3D074001B97B8 /* ejercicio4 */ = {
			isa = PBXFileSystemSynchronizedRootGroup;
			path = ejercicio4;
			sourceTree = "<group>";
		};
/* End PBXFileSystemSynchronizedRootGroup section */

/* Begin PBXFrameworksBuildPhase section */
		E2279AE52DB2938A00B31B58 /* Frameworks */ = {
			isa = PBXFrameworksBuildPhase;
			buildActionMask = 2147483647;
			files = (
			);
			runOnlyForDeploymentPostprocessing = 0;
		};
		E2279AF32DB293B200B31B58 /* Frameworks */ = {
			isa = PBXFrameworksBuildPhase;
			buildActionMask = 2147483647;
			files = (
			);
			runOnlyForDeploymentPostprocessing = 0;
		};
		E2279AFE2DB293D500B31B58 /* Frameworks */ = {
			isa = PBXFrameworksBuildPhase;
			buildActionMask = 2147483647;
			files = (
			);
			runOnlyForDeploymentPostprocessing = 0;
		};
		E2BA5AD22DB39BEE004F8013 /* Frameworks */ = {
			isa = PBXFrameworksBuildPhase;
			buildActionMask = 2147483647;
			files = (
			);
			runOnlyForDeploymentPostprocessing = 0;
		};
		E2BA5ADD2DB3A53A004F8013 /* Frameworks */ = {
			isa = PBXFrameworksBuildPhase;
			buildActionMask = 2147483647;
			files = (
			);
			runOnlyForDeploymentPostprocessing = 0;
		};
		E2DCA60A2DB3B9DA001B97B8 /* Frameworks */ = {
			isa = PBXFrameworksBuildPhase;
			buildActionMask = 2147483647;
			files = (
			);
			runOnlyForDeploymentPostprocessing = 0;
		};
		E2DCA6152DB3D074001B97B8 /* Frameworks */ = {
			isa = PBXFrameworksBuildPhase;
			buildActionMask = 2147483647;
			files = (
			);
			runOnlyForDeploymentPostprocessing = 0;
		};
/* End PBXFrameworksBuildPhase section */

/* Begin PBXGroup section */
		E2279ADF2DB2938A00B31B58 = {
			isa = PBXGroup;
			children = (
				E2BA5AE72DB3A6F5004F8013 /* CMakeLists.txt */,
				E2279AEA2DB2938A00B31B58 /* ficherosBinarios */,
				E2279AF72DB293B200B31B58 /* ejemplo1Clase */,
				E2279B022DB293D500B31B58 /* ejemplo2Clase */,
				E2BA5AD62DB39BEE004F8013 /* ejercicio1 */,
				E2BA5AE12DB3A53A004F8013 /* ejercicio2 */,
				E2DCA60E2DB3B9DA001B97B8 /* ejercicio3 */,
				E2DCA6192DB3D074001B97B8 /* ejercicio4 */,
				E2279AE92DB2938A00B31B58 /* Products */,
			);
			sourceTree = "<group>";
		};
		E2279AE92DB2938A00B31B58 /* Products */ = {
			isa = PBXGroup;
			children = (
				E2279AE82DB2938A00B31B58 /* ficherosBinarios */,
				E2279AF62DB293B200B31B58 /* ejemplo1Clase */,
				E2279B012DB293D500B31B58 /* ejemplo2Clase */,
				E2BA5AD52DB39BEE004F8013 /* ejercicio1 */,
				E2BA5AE02DB3A53A004F8013 /* ejercicio2 */,
				E2DCA60D2DB3B9DA001B97B8 /* ejercicio3 */,
				E2DCA6182DB3D074001B97B8 /* ejercicio4 */,
			);
			name = Products;
			sourceTree = "<group>";
		};
/* End PBXGroup section */

/* Begin PBXNativeTarget section */
		E2279AE72DB2938A00B31B58 /* ficherosBinarios */ = {
			isa = PBXNativeTarget;
			buildConfigurationList = E2279AEF2DB2938A00B31B58 /* Build configuration list for PBXNativeTarget "ficherosBinarios" */;
			buildPhases = (
				E2279AE42DB2938A00B31B58 /* Sources */,
				E2279AE52DB2938A00B31B58 /* Frameworks */,
				E2279AE62DB2938A00B31B58 /* CopyFiles */,
			);
			buildRules = (
			);
			dependencies = (
			);
			fileSystemSynchronizedGroups = (
				E2279AEA2DB2938A00B31B58 /* ficherosBinarios */,
			);
			name = ficherosBinarios;
			packageProductDependencies = (
			);
			productName = ficherosBinarios;
			productReference = E2279AE82DB2938A00B31B58 /* ficherosBinarios */;
			productType = "com.apple.product-type.tool";
		};
		E2279AF52DB293B200B31B58 /* ejemplo1Clase */ = {
			isa = PBXNativeTarget;
			buildConfigurationList = E2279AFA2DB293B200B31B58 /* Build configuration list for PBXNativeTarget "ejemplo1Clase" */;
			buildPhases = (
				E2279AF22DB293B200B31B58 /* Sources */,
				E2279AF32DB293B200B31B58 /* Frameworks */,
				E2279AF42DB293B200B31B58 /* CopyFiles */,
			);
			buildRules = (
			);
			dependencies = (
			);
			fileSystemSynchronizedGroups = (
				E2279AF72DB293B200B31B58 /* ejemplo1Clase */,
			);
			name = ejemplo1Clase;
			packageProductDependencies = (
			);
			productName = ejemplo1Clase;
			productReference = E2279AF62DB293B200B31B58 /* ejemplo1Clase */;
			productType = "com.apple.product-type.tool";
		};
		E2279B002DB293D500B31B58 /* ejemplo2Clase */ = {
			isa = PBXNativeTarget;
			buildConfigurationList = E2279B052DB293D500B31B58 /* Build configuration list for PBXNativeTarget "ejemplo2Clase" */;
			buildPhases = (
				E2279AFD2DB293D500B31B58 /* Sources */,
				E2279AFE2DB293D500B31B58 /* Frameworks */,
				E2279AFF2DB293D500B31B58 /* CopyFiles */,
			);
			buildRules = (
			);
			dependencies = (
			);
			fileSystemSynchronizedGroups = (
				E2279B022DB293D500B31B58 /* ejemplo2Clase */,
			);
			name = ejemplo2Clase;
			packageProductDependencies = (
			);
			productName = ejemplo2Clase;
			productReference = E2279B012DB293D500B31B58 /* ejemplo2Clase */;
			productType = "com.apple.product-type.tool";
		};
		E2BA5AD42DB39BEE004F8013 /* ejercicio1 */ = {
			isa = PBXNativeTarget;
			buildConfigurationList = E2BA5ADB2DB39BEE004F8013 /* Build configuration list for PBXNativeTarget "ejercicio1" */;
			buildPhases = (
				E2BA5AD12DB39BEE004F8013 /* Sources */,
				E2BA5AD22DB39BEE004F8013 /* Frameworks */,
				E2BA5AD32DB39BEE004F8013 /* CopyFiles */,
			);
			buildRules = (
			);
			dependencies = (
			);
			fileSystemSynchronizedGroups = (
				E2BA5AD62DB39BEE004F8013 /* ejercicio1 */,
			);
			name = ejercicio1;
			packageProductDependencies = (
			);
			productName = ejercicio1;
			productReference = E2BA5AD52DB39BEE004F8013 /* ejercicio1 */;
			productType = "com.apple.product-type.tool";
		};
		E2BA5ADF2DB3A53A004F8013 /* ejercicio2 */ = {
			isa = PBXNativeTarget;
			buildConfigurationList = E2BA5AE42DB3A53A004F8013 /* Build configuration list for PBXNativeTarget "ejercicio2" */;
			buildPhases = (
				E2BA5ADC2DB3A53A004F8013 /* Sources */,
				E2BA5ADD2DB3A53A004F8013 /* Frameworks */,
				E2BA5ADE2DB3A53A004F8013 /* CopyFiles */,
			);
			buildRules = (
			);
			dependencies = (
			);
			fileSystemSynchronizedGroups = (
				E2BA5AE12DB3A53A004F8013 /* ejercicio2 */,
			);
			name = ejercicio2;
			packageProductDependencies = (
			);
			productName = ejercicio2;
			productReference = E2BA5AE02DB3A53A004F8013 /* ejercicio2 */;
			productType = "com.apple.product-type.tool";
		};
		E2DCA60C2DB3B9DA001B97B8 /* ejercicio3 */ = {
			isa = PBXNativeTarget;
			buildConfigurationList = E2DCA6132DB3B9DA001B97B8 /* Build configuration list for PBXNativeTarget "ejercicio3" */;
			buildPhases = (
				E2DCA6092DB3B9DA001B97B8 /* Sources */,
				E2DCA60A2DB3B9DA001B97B8 /* Frameworks */,
				E2DCA60B2DB3B9DA001B97B8 /* CopyFiles */,
			);
			buildRules = (
			);
			dependencies = (
			);
			fileSystemSynchronizedGroups = (
				E2DCA60E2DB3B9DA001B97B8 /* ejercicio3 */,
			);
			name = ejercicio3;
			packageProductDependencies = (
			);
			productName = ejercicio3;
			productReference = E2DCA60D2DB3B9DA001B97B8 /* ejercicio3 */;
			productType = "com.apple.product-type.tool";
		};
		E2DCA6172DB3D074001B97B8 /* ejercicio4 */ = {
			isa = PBXNativeTarget;
			buildConfigurationList = E2DCA61C2DB3D074001B97B8 /* Build configuration list for PBXNativeTarget "ejercicio4" */;
			buildPhases = (
				E2DCA6142DB3D074001B97B8 /* Sources */,
				E2DCA6152DB3D074001B97B8 /* Frameworks */,
				E2DCA6162DB3D074001B97B8 /* CopyFiles */,
			);
			buildRules = (
			);
			dependencies = (
			);
			fileSystemSynchronizedGroups = (
				E2DCA6192DB3D074001B97B8 /* ejercicio4 */,
			);
			name = ejercicio4;
			packageProductDependencies = (
			);
			productName = ejercicio4;
			productReference = E2DCA6182DB3D074001B97B8 /* ejercicio4 */;
			productType = "com.apple.product-type.tool";
		};
/* End PBXNativeTarget section */

/* Begin PBXProject section */
		E2279AE02DB2938A00B31B58 /* Project object */ = {
			isa = PBXProject;
			attributes = {
				BuildIndependentTargetsInParallel = 1;
				LastUpgradeCheck = 1620;
				TargetAttributes = {
					E2279AE72DB2938A00B31B58 = {
						CreatedOnToolsVersion = 16.2;
					};
					E2279AF52DB293B200B31B58 = {
						CreatedOnToolsVersion = 16.2;
					};
					E2279B002DB293D500B31B58 = {
						CreatedOnToolsVersion = 16.2;
					};
					E2BA5AD42DB39BEE004F8013 = {
						CreatedOnToolsVersion = 16.2;
					};
					E2BA5ADF2DB3A53A004F8013 = {
						CreatedOnToolsVersion = 16.2;
					};
					E2DCA60C2DB3B9DA001B97B8 = {
						CreatedOnToolsVersion = 16.2;
					};
					E2DCA6172DB3D074001B97B8 = {
						CreatedOnToolsVersion = 16.2;
					};
				};
			};
			buildConfigurationList = E2279AE32DB2938A00B31B58 /* Build configuration list for PBXProject "ficherosBinarios" */;
			developmentRegion = en;
			hasScannedForEncodings = 0;
			knownRegions = (
				en,
				Base,
			);
			mainGroup = E2279ADF2DB2938A00B31B58;
			minimizedProjectReferenceProxies = 1;
			preferredProjectObjectVersion = 77;
			productRefGroup = E2279AE92DB2938A00B31B58 /* Products */;
			projectDirPath = "";
			projectRoot = "";
			targets = (
				E2279AE72DB2938A00B31B58 /* ficherosBinarios */,
				E2279AF52DB293B200B31B58 /* ejemplo1Clase */,
				E2279B002DB293D500B31B58 /* ejemplo2Clase */,
				E2BA5AD42DB39BEE004F8013 /* ejercicio1 */,
				E2BA5ADF2DB3A53A004F8013 /* ejercicio2 */,
				E2DCA60C2DB3B9DA001B97B8 /* ejercicio3 */,
				E2DCA6172DB3D074001B97B8 /* ejercicio4 */,
			);
		};
/* End PBXProject section */

/* Begin PBXSourcesBuildPhase section */
		E2279AE42DB2938A00B31B58 /* Sources */ = {
			isa = PBXSourcesBuildPhase;
			buildActionMask = 2147483647;
			files = (
			);
			runOnlyForDeploymentPostprocessing = 0;
		};
		E2279AF22DB293B200B31B58 /* Sources */ = {
			isa = PBXSourcesBuildPhase;
			buildActionMask = 2147483647;
			files = (
			);
			runOnlyForDeploymentPostprocessing = 0;
		};
		E2279AFD2DB293D500B31B58 /* Sources */ = {
			isa = PBXSourcesBuildPhase;
			buildActionMask = 2147483647;
			files = (
			);
			runOnlyForDeploymentPostprocessing = 0;
		};
		E2BA5AD12DB39BEE004F8013 /* Sources */ = {
			isa = PBXSourcesBuildPhase;
			buildActionMask = 2147483647;
			files = (
			);
			runOnlyForDeploymentPostprocessing = 0;
		};
		E2BA5ADC2DB3A53A004F8013 /* Sources */ = {
			isa = PBXSourcesBuildPhase;
			buildActionMask = 2147483647;
			files = (
			);
			runOnlyForDeploymentPostprocessing = 0;
		};
		E2DCA6092DB3B9DA001B97B8 /* Sources */ = {
			isa = PBXSourcesBuildPhase;
			buildActionMask = 2147483647;
			files = (
			);
			runOnlyForDeploymentPostprocessing = 0;
		};
		E2DCA6142DB3D074001B97B8 /* Sources */ = {
			isa = PBXSourcesBuildPhase;
			buildActionMask = 2147483647;
			files = (
			);
			runOnlyForDeploymentPostprocessing = 0;
		};
/* End PBXSourcesBuildPhase section */

/* Begin XCBuildConfiguration section */
		E2279AED2DB2938A00B31B58 /* Debug */ = {
			isa = XCBuildConfiguration;
			buildSettings = {
				ALWAYS_SEARCH_USER_PATHS = NO;
				ASSETCATALOG_COMPILER_GENERATE_SWIFT_ASSET_SYMBOL_EXTENSIONS = YES;
				CLANG_ANALYZER_NONNULL = YES;
				CLANG_ANALYZER_NUMBER_OBJECT_CONVERSION = YES_AGGRESSIVE;
				CLANG_CXX_LANGUAGE_STANDARD = "gnu++20";
				CLANG_ENABLE_MODULES = YES;
				CLANG_ENABLE_OBJC_ARC = YES;
				CLANG_ENABLE_OBJC_WEAK = YES;
				CLANG_WARN_BLOCK_CAPTURE_AUTORELEASING = YES;
				CLANG_WARN_BOOL_CONVERSION = YES;
				CLANG_WARN_COMMA = YES;
				CLANG_WARN_CONSTANT_CONVERSION = YES;
				CLANG_WARN_DEPRECATED_OBJC_IMPLEMENTATIONS = YES;
				CLANG_WARN_DIRECT_OBJC_ISA_USAGE = YES_ERROR;
				CLANG_WARN_DOCUMENTATION_COMMENTS = YES;
				CLANG_WARN_EMPTY_BODY = YES;
				CLANG_WARN_ENUM_CONVERSION = YES;
				CLANG_WARN_INFINITE_RECURSION = YES;
				CLANG_WARN_INT_CONVERSION = YES;
				CLANG_WARN_NON_LITERAL_NULL_CONVERSION = YES;
				CLANG_WARN_OBJC_IMPLICIT_RETAIN_SELF = YES;
				CLANG_WARN_OBJC_LITERAL_CONVERSION = YES;
				CLANG_WARN_OBJC_ROOT_CLASS = YES_ERROR;
				CLANG_WARN_QUOTED_INCLUDE_IN_FRAMEWORK_HEADER = YES;
				CLANG_WARN_RANGE_LOOP_ANALYSIS = YES;
				CLANG_WARN_STRICT_PROTOTYPES = YES;
				CLANG_WARN_SUSPICIOUS_MOVE = YES;
				CLANG_WARN_UNGUARDED_AVAILABILITY = YES_AGGRESSIVE;
				CLANG_WARN_UNREACHABLE_CODE = YES;
				CLANG_WARN__DUPLICATE_METHOD_MATCH = YES;
				COPY_PHASE_STRIP = NO;
				DEBUG_INFORMATION_FORMAT = dwarf;
				ENABLE_STRICT_OBJC_MSGSEND = YES;
				ENABLE_TESTABILITY = YES;
				ENABLE_USER_SCRIPT_SANDBOXING = YES;
				GCC_C_LANGUAGE_STANDARD = gnu17;
				GCC_DYNAMIC_NO_PIC = NO;
				GCC_NO_COMMON_BLOCKS = YES;
				GCC_OPTIMIZATION_LEVEL = 0;
				GCC_PREPROCESSOR_DEFINITIONS = (
					"DEBUG=1",
					"$(inherited)",
				);
				GCC_WARN_64_TO_32_BIT_CONVERSION = YES;
				GCC_WARN_ABOUT_RETURN_TYPE = YES_ERROR;
				GCC_WARN_UNDECLARED_SELECTOR = YES;
				GCC_WARN_UNINITIALIZED_AUTOS = YES_AGGRESSIVE;
				GCC_WARN_UNUSED_FUNCTION = YES;
				GCC_WARN_UNUSED_VARIABLE = YES;
				LOCALIZATION_PREFERS_STRING_CATALOGS = YES;
				MACOSX_DEPLOYMENT_TARGET = 15.2;
				MTL_ENABLE_DEBUG_INFO = INCLUDE_SOURCE;
				MTL_FAST_MATH = YES;
				ONLY_ACTIVE_ARCH = YES;
				SDKROOT = macosx;
			};
			name = Debug;
		};
		E2279AEE2DB2938A00B31B58 /* Release */ = {
			isa = XCBuildConfiguration;
			buildSettings = {
				ALWAYS_SEARCH_USER_PATHS = NO;
				ASSETCATALOG_COMPILER_GENERATE_SWIFT_ASSET_SYMBOL_EXTENSIONS = YES;
				CLANG_ANALYZER_NONNULL = YES;
				CLANG_ANALYZER_NUMBER_OBJECT_CONVERSION = YES_AGGRESSIVE;
				CLANG_CXX_LANGUAGE_STANDARD = "gnu++20";
				CLANG_ENABLE_MODULES = YES;
				CLANG_ENABLE_OBJC_ARC = YES;
				CLANG_ENABLE_OBJC_WEAK = YES;
				CLANG_WARN_BLOCK_CAPTURE_AUTORELEASING = YES;
				CLANG_WARN_BOOL_CONVERSION = YES;
				CLANG_WARN_COMMA = YES;
				CLANG_WARN_CONSTANT_CONVERSION = YES;
				CLANG_WARN_DEPRECATED_OBJC_IMPLEMENTATIONS = YES;
				CLANG_WARN_DIRECT_OBJC_ISA_USAGE = YES_ERROR;
				CLANG_WARN_DOCUMENTATION_COMMENTS = YES;
				CLANG_WARN_EMPTY_BODY = YES;
				CLANG_WARN_ENUM_CONVERSION = YES;
				CLANG_WARN_INFINITE_RECURSION = YES;
				CLANG_WARN_INT_CONVERSION = YES;
				CLANG_WARN_NON_LITERAL_NULL_CONVERSION = YES;
				CLANG_WARN_OBJC_IMPLICIT_RETAIN_SELF = YES;
				CLANG_WARN_OBJC_LITERAL_CONVERSION = YES;
				CLANG_WARN_OBJC_ROOT_CLASS = YES_ERROR;
				CLANG_WARN_QUOTED_INCLUDE_IN_FRAMEWORK_HEADER = YES;
				CLANG_WARN_RANGE_LOOP_ANALYSIS = YES;
				CLANG_WARN_STRICT_PROTOTYPES = YES;
				CLANG_WARN_SUSPICIOUS_MOVE = YES;
				CLANG_WARN_UNGUARDED_AVAILABILITY = YES_AGGRESSIVE;
				CLANG_WARN_UNREACHABLE_CODE = YES;
				CLANG_WARN__DUPLICATE_METHOD_MATCH = YES;
				COPY_PHASE_STRIP = NO;
				DEBUG_INFORMATION_FORMAT = "dwarf-with-dsym";
				ENABLE_NS_ASSERTIONS = NO;
				ENABLE_STRICT_OBJC_MSGSEND = YES;
				ENABLE_USER_SCRIPT_SANDBOXING = YES;
				GCC_C_LANGUAGE_STANDARD = gnu17;
				GCC_NO_COMMON_BLOCKS = YES;
				GCC_WARN_64_TO_32_BIT_CONVERSION = YES;
				GCC_WARN_ABOUT_RETURN_TYPE = YES_ERROR;
				GCC_WARN_UNDECLARED_SELECTOR = YES;
				GCC_WARN_UNINITIALIZED_AUTOS = YES_AGGRESSIVE;
				GCC_WARN_UNUSED_FUNCTION = YES;
				GCC_WARN_UNUSED_VARIABLE = YES;
				LOCALIZATION_PREFERS_STRING_CATALOGS = YES;
				MACOSX_DEPLOYMENT_TARGET = 15.2;
				MTL_ENABLE_DEBUG_INFO = NO;
				MTL_FAST_MATH = YES;
				SDKROOT = macosx;
			};
			name = Release;
		};
		E2279AF02DB2938A00B31B58 /* Debug */ = {
			isa = XCBuildConfiguration;
			buildSettings = {
				CODE_SIGN_STYLE = Automatic;
				PRODUCT_NAME = "$(TARGET_NAME)";
			};
			name = Debug;
		};
		E2279AF12DB2938A00B31B58 /* Release */ = {
			isa = XCBuildConfiguration;
			buildSettings = {
				CODE_SIGN_STYLE = Automatic;
				PRODUCT_NAME = "$(TARGET_NAME)";
			};
			name = Release;
		};
		E2279AFB2DB293B200B31B58 /* Debug */ = {
			isa = XCBuildConfiguration;
			buildSettings = {
				CODE_SIGN_STYLE = Automatic;
				PRODUCT_NAME = "$(TARGET_NAME)";
			};
			name = Debug;
		};
		E2279AFC2DB293B200B31B58 /* Release */ = {
			isa = XCBuildConfiguration;
			buildSettings = {
				CODE_SIGN_STYLE = Automatic;
				PRODUCT_NAME = "$(TARGET_NAME)";
			};
			name = Release;
		};
		E2279B062DB293D500B31B58 /* Debug */ = {
			isa = XCBuildConfiguration;
			buildSettings = {
				CODE_SIGN_STYLE = Automatic;
				PRODUCT_NAME = "$(TARGET_NAME)";
			};
			name = Debug;
		};
		E2279B072DB293D500B31B58 /* Release */ = {
			isa = XCBuildConfiguration;
			buildSettings = {
				CODE_SIGN_STYLE = Automatic;
				PRODUCT_NAME = "$(TARGET_NAME)";
			};
			name = Release;
		};
		E2BA5AD92DB39BEE004F8013 /* Debug */ = {
			isa = XCBuildConfiguration;
			buildSettings = {
				CODE_SIGN_STYLE = Automatic;
				PRODUCT_NAME = "$(TARGET_NAME)";
			};
			name = Debug;
		};
		E2BA5ADA2DB39BEE004F8013 /* Release */ = {
			isa = XCBuildConfiguration;
			buildSettings = {
				CODE_SIGN_STYLE = Automatic;
				PRODUCT_NAME = "$(TARGET_NAME)";
			};
			name = Release;
		};
		E2BA5AE52DB3A53A004F8013 /* Debug */ = {
			isa = XCBuildConfiguration;
			buildSettings = {
				CODE_SIGN_STYLE = Automatic;
				PRODUCT_NAME = "$(TARGET_NAME)";
			};
			name = Debug;
		};
		E2BA5AE62DB3A53A004F8013 /* Release */ = {
			isa = XCBuildConfiguration;
			buildSettings = {
				CODE_SIGN_STYLE = Automatic;
				PRODUCT_NAME = "$(TARGET_NAME)";
			};
			name = Release;
		};
		E2DCA6112DB3B9DA001B97B8 /* Debug */ = {
			isa = XCBuildConfiguration;
			buildSettings = {
				CODE_SIGN_STYLE = Automatic;
				PRODUCT_NAME = "$(TARGET_NAME)";
			};
			name = Debug;
		};
		E2DCA6122DB3B9DA001B97B8 /* Release */ = {
			isa = XCBuildConfiguration;
			buildSettings = {
				CODE_SIGN_STYLE = Automatic;
				PRODUCT_NAME = "$(TARGET_NAME)";
			};
			name = Release;
		};
		E2DCA61D2DB3D074001B97B8 /* Debug */ = {
			isa = XCBuildConfiguration;
			buildSettings = {
				CODE_SIGN_STYLE = Automatic;
				PRODUCT_NAME = "$(TARGET_NAME)";
			};
			name = Debug;
		};
		E2DCA61E2DB3D074001B97B8 /* Release */ = {
			isa = XCBuildConfiguration;
			buildSettings = {
				CODE_SIGN_STYLE = Automatic;
				PRODUCT_NAME = "$(TARGET_NAME)";
			};
			name = Release;
		};
/* End XCBuildConfiguration section */

/* Begin XCConfigurationList section */
		E2279AE32DB2938A00B31B58 /* Build configuration list for PBXProject "ficherosBinarios" */ = {
			isa = XCConfigurationList;
			buildConfigurations = (
				E2279AED2DB2938A00B31B58 /* Debug */,
				E2279AEE2DB2938A00B31B58 /* Release */,
			);
			defaultConfigurationIsVisible = 0;
			defaultConfigurationName = Release;
		};
		E2279AEF2DB2938A00B31B58 /* Build configuration list for PBXNativeTarget "ficherosBinarios" */ = {
			isa = XCConfigurationList;
			buildConfigurations = (
				E2279AF02DB2938A00B31B58 /* Debug */,
				E2279AF12DB2938A00B31B58 /* Release */,
			);
			defaultConfigurationIsVisible = 0;
			defaultConfigurationName = Release;
		};
		E2279AFA2DB293B200B31B58 /* Build configuration list for PBXNativeTarget "ejemplo1Clase" */ = {
			isa = XCConfigurationList;
			buildConfigurations = (
				E2279AFB2DB293B200B31B58 /* Debug */,
				E2279AFC2DB293B200B31B58 /* Release */,
			);
			defaultConfigurationIsVisible = 0;
			defaultConfigurationName = Release;
		};
		E2279B052DB293D500B31B58 /* Build configuration list for PBXNativeTarget "ejemplo2Clase" */ = {
			isa = XCConfigurationList;
			buildConfigurations = (
				E2279B062DB293D500B31B58 /* Debug */,
				E2279B072DB293D500B31B58 /* Release */,
			);
			defaultConfigurationIsVisible = 0;
			defaultConfigurationName = Release;
		};
		E2BA5ADB2DB39BEE004F8013 /* Build configuration list for PBXNativeTarget "ejercicio1" */ = {
			isa = XCConfigurationList;
			buildConfigurations = (
				E2BA5AD92DB39BEE004F8013 /* Debug */,
				E2BA5ADA2DB39BEE004F8013 /* Release */,
			);
			defaultConfigurationIsVisible = 0;
			defaultConfigurationName = Release;
		};
		E2BA5AE42DB3A53A004F8013 /* Build configuration list for PBXNativeTarget "ejercicio2" */ = {
			isa = XCConfigurationList;
			buildConfigurations = (
				E2BA5AE52DB3A53A004F8013 /* Debug */,
				E2BA5AE62DB3A53A004F8013 /* Release */,
			);
			defaultConfigurationIsVisible = 0;
			defaultConfigurationName = Release;
		};
		E2DCA6132DB3B9DA001B97B8 /* Build configuration list for PBXNativeTarget "ejercicio3" */ = {
			isa = XCConfigurationList;
			buildConfigurations = (
				E2DCA6112DB3B9DA001B97B8 /* Debug */,
				E2DCA6122DB3B9DA001B97B8 /* Release */,
			);
			defaultConfigurationIsVisible = 0;
			defaultConfigurationName = Release;
		};
		E2DCA61C2DB3D074001B97B8 /* Build configuration list for PBXNativeTarget "ejercicio4" */ = {
			isa = XCConfigurationList;
			buildConfigurations = (
				E2DCA61D2DB3D074001B97B8 /* Debug */,
				E2DCA61E2DB3D074001B97B8 /* Release */,
			);
			defaultConfigurationIsVisible = 0;
			defaultConfigurationName = Release;
		};
/* End XCConfigurationList section */
	};
	rootObject = E2279AE02DB2938A00B31B58 /* Project object */;
}
